// !$*UTF8*$!
{
	archiveVersion = 1;
	classes = {
	};
	objectVersion = 56;
	objects = {

/* Begin PBXBuildFile section */
		7D14CC552BBFD86400387229 /* LoginViewModel.swift in Sources */ = {isa = PBXBuildFile; fileRef = 7D14CC542BBFD86400387229 /* LoginViewModel.swift */; };
		7D14CC592BBFD9E400387229 /* UserModel.swift in Sources */ = {isa = PBXBuildFile; fileRef = 7D14CC582BBFD9E400387229 /* UserModel.swift */; };
		7D14CC5B2BBFDAD500387229 /* HomeViewModel.swift in Sources */ = {isa = PBXBuildFile; fileRef = 7D14CC5A2BBFDAD500387229 /* HomeViewModel.swift */; };
		7D14CC5D2BBFDAE600387229 /* HomeViewController.swift in Sources */ = {isa = PBXBuildFile; fileRef = 7D14CC5C2BBFDAE600387229 /* HomeViewController.swift */; };
		7DD58B7A2BBEC27B0008F884 /* LoginViewController.swift in Sources */ = {isa = PBXBuildFile; fileRef = 7DD58B792BBEC27B0008F884 /* LoginViewController.swift */; };
		7DD58B7C2BBECC3E0008F884 /* NetworkManager.swift in Sources */ = {isa = PBXBuildFile; fileRef = 7DD58B7B2BBECC3E0008F884 /* NetworkManager.swift */; };
		7DD58B7E2BBEEFB40008F884 /* AsyncAwait.swift in Sources */ = {isa = PBXBuildFile; fileRef = 7DD58B7D2BBEEFB40008F884 /* AsyncAwait.swift */; };
		7DE098AB2BBBC27300E31B37 /* AppDelegate.swift in Sources */ = {isa = PBXBuildFile; fileRef = 7DE098AA2BBBC27300E31B37 /* AppDelegate.swift */; };
		7DE098AD2BBBC27300E31B37 /* SceneDelegate.swift in Sources */ = {isa = PBXBuildFile; fileRef = 7DE098AC2BBBC27300E31B37 /* SceneDelegate.swift */; };
		7DE098AF2BBBC27300E31B37 /* ViewController.swift in Sources */ = {isa = PBXBuildFile; fileRef = 7DE098AE2BBBC27300E31B37 /* ViewController.swift */; };
		7DE098B22BBBC27300E31B37 /* Base in Resources */ = {isa = PBXBuildFile; fileRef = 7DE098B12BBBC27300E31B37 /* Base */; };
		7DE098B42BBBC27600E31B37 /* Assets.xcassets in Resources */ = {isa = PBXBuildFile; fileRef = 7DE098B32BBBC27600E31B37 /* Assets.xcassets */; };
		7DE098B72BBBC27600E31B37 /* Base in Resources */ = {isa = PBXBuildFile; fileRef = 7DE098B62BBBC27600E31B37 /* Base */; };
		7DE098C22BBBC27600E31B37 /* CombineExampleTests.swift in Sources */ = {isa = PBXBuildFile; fileRef = 7DE098C12BBBC27600E31B37 /* CombineExampleTests.swift */; };
		7DE098CC2BBBC27600E31B37 /* CombineExampleUITests.swift in Sources */ = {isa = PBXBuildFile; fileRef = 7DE098CB2BBBC27600E31B37 /* CombineExampleUITests.swift */; };
		7DE098CE2BBBC27600E31B37 /* CombineExampleUITestsLaunchTests.swift in Sources */ = {isa = PBXBuildFile; fileRef = 7DE098CD2BBBC27600E31B37 /* CombineExampleUITestsLaunchTests.swift */; };
/* End PBXBuildFile section */

/* Begin PBXContainerItemProxy section */
		7DE098BE2BBBC27600E31B37 /* PBXContainerItemProxy */ = {
			isa = PBXContainerItemProxy;
			containerPortal = 7DE0989F2BBBC27300E31B37 /* Project object */;
			proxyType = 1;
			remoteGlobalIDString = 7DE098A62BBBC27300E31B37;
			remoteInfo = CombineExample;
		};
		7DE098C82BBBC27600E31B37 /* PBXContainerItemProxy */ = {
			isa = PBXContainerItemProxy;
			containerPortal = 7DE0989F2BBBC27300E31B37 /* Project object */;
			proxyType = 1;
			remoteGlobalIDString = 7DE098A62BBBC27300E31B37;
			remoteInfo = CombineExample;
		};
/* End PBXContainerItemProxy section */

/* Begin PBXFileReference section */
		7D14CC542BBFD86400387229 /* LoginViewModel.swift */ = {isa = PBXFileReference; lastKnownFileType = sourcecode.swift; path = LoginViewModel.swift; sourceTree = "<group>"; };
		7D14CC582BBFD9E400387229 /* UserModel.swift */ = {isa = PBXFileReference; lastKnownFileType = sourcecode.swift; path = UserModel.swift; sourceTree = "<group>"; };
		7D14CC5A2BBFDAD500387229 /* HomeViewModel.swift */ = {isa = PBXFileReference; lastKnownFileType = sourcecode.swift; path = HomeViewModel.swift; sourceTree = "<group>"; };
		7D14CC5C2BBFDAE600387229 /* HomeViewController.swift */ = {isa = PBXFileReference; lastKnownFileType = sourcecode.swift; path = HomeViewController.swift; sourceTree = "<group>"; };
		7DD58B792BBEC27B0008F884 /* LoginViewController.swift */ = {isa = PBXFileReference; lastKnownFileType = sourcecode.swift; path = LoginViewController.swift; sourceTree = "<group>"; };
		7DD58B7B2BBECC3E0008F884 /* NetworkManager.swift */ = {isa = PBXFileReference; fileEncoding = 4; lastKnownFileType = sourcecode.swift; path = NetworkManager.swift; sourceTree = "<group>"; };
		7DD58B7D2BBEEFB40008F884 /* AsyncAwait.swift */ = {isa = PBXFileReference; lastKnownFileType = sourcecode.swift; path = AsyncAwait.swift; sourceTree = "<group>"; };
		7DE098A72BBBC27300E31B37 /* CombineExample.app */ = {isa = PBXFileReference; explicitFileType = wrapper.application; includeInIndex = 0; path = CombineExample.app; sourceTree = BUILT_PRODUCTS_DIR; };
		7DE098AA2BBBC27300E31B37 /* AppDelegate.swift */ = {isa = PBXFileReference; lastKnownFileType = sourcecode.swift; path = AppDelegate.swift; sourceTree = "<group>"; };
		7DE098AC2BBBC27300E31B37 /* SceneDelegate.swift */ = {isa = PBXFileReference; lastKnownFileType = sourcecode.swift; path = SceneDelegate.swift; sourceTree = "<group>"; };
		7DE098AE2BBBC27300E31B37 /* ViewController.swift */ = {isa = PBXFileReference; lastKnownFileType = sourcecode.swift; path = ViewController.swift; sourceTree = "<group>"; };
		7DE098B12BBBC27300E31B37 /* Base */ = {isa = PBXFileReference; lastKnownFileType = file.storyboard; name = Base; path = Base.lproj/Main.storyboard; sourceTree = "<group>"; };
		7DE098B32BBBC27600E31B37 /* Assets.xcassets */ = {isa = PBXFileReference; lastKnownFileType = folder.assetcatalog; path = Assets.xcassets; sourceTree = "<group>"; };
		7DE098B62BBBC27600E31B37 /* Base */ = {isa = PBXFileReference; lastKnownFileType = file.storyboard; name = Base; path = Base.lproj/LaunchScreen.storyboard; sourceTree = "<group>"; };
		7DE098B82BBBC27600E31B37 /* Info.plist */ = {isa = PBXFileReference; lastKnownFileType = text.plist.xml; path = Info.plist; sourceTree = "<group>"; };
		7DE098BD2BBBC27600E31B37 /* CombineExampleTests.xctest */ = {isa = PBXFileReference; explicitFileType = wrapper.cfbundle; includeInIndex = 0; path = CombineExampleTests.xctest; sourceTree = BUILT_PRODUCTS_DIR; };
		7DE098C12BBBC27600E31B37 /* CombineExampleTests.swift */ = {isa = PBXFileReference; lastKnownFileType = sourcecode.swift; path = CombineExampleTests.swift; sourceTree = "<group>"; };
		7DE098C72BBBC27600E31B37 /* CombineExampleUITests.xctest */ = {isa = PBXFileReference; explicitFileType = wrapper.cfbundle; includeInIndex = 0; path = CombineExampleUITests.xctest; sourceTree = BUILT_PRODUCTS_DIR; };
		7DE098CB2BBBC27600E31B37 /* CombineExampleUITests.swift */ = {isa = PBXFileReference; lastKnownFileType = sourcecode.swift; path = CombineExampleUITests.swift; sourceTree = "<group>"; };
		7DE098CD2BBBC27600E31B37 /* CombineExampleUITestsLaunchTests.swift */ = {isa = PBXFileReference; lastKnownFileType = sourcecode.swift; path = CombineExampleUITestsLaunchTests.swift; sourceTree = "<group>"; };
/* End PBXFileReference section */

/* Begin PBXFrameworksBuildPhase section */
		7DE098A42BBBC27300E31B37 /* Frameworks */ = {
			isa = PBXFrameworksBuildPhase;
			buildActionMask = 2147483647;
			files = (
			);
			runOnlyForDeploymentPostprocessing = 0;
		};
		7DE098BA2BBBC27600E31B37 /* Frameworks */ = {
			isa = PBXFrameworksBuildPhase;
			buildActionMask = 2147483647;
			files = (
			);
			runOnlyForDeploymentPostprocessing = 0;
		};
		7DE098C42BBBC27600E31B37 /* Frameworks */ = {
			isa = PBXFrameworksBuildPhase;
			buildActionMask = 2147483647;
			files = (
			);
			runOnlyForDeploymentPostprocessing = 0;
		};
/* End PBXFrameworksBuildPhase section */

/* Begin PBXGroup section */
		7D14CC562BBFD88800387229 /* LoginView */ = {
			isa = PBXGroup;
			children = (
				7DD58B792BBEC27B0008F884 /* LoginViewController.swift */,
				7D14CC542BBFD86400387229 /* LoginViewModel.swift */,
			);
			path = LoginView;
			sourceTree = "<group>";
		};
		7D14CC572BBFD89D00387229 /* HomeView */ = {
			isa = PBXGroup;
			children = (
				7D14CC5C2BBFDAE600387229 /* HomeViewController.swift */,
				7D14CC5A2BBFDAD500387229 /* HomeViewModel.swift */,
			);
			path = HomeView;
			sourceTree = "<group>";
		};
		7D14CC5E2BBFE48000387229 /* NetworkManager */ = {
			isa = PBXGroup;
			children = (
				7DD58B7B2BBECC3E0008F884 /* NetworkManager.swift */,
				7DD58B7D2BBEEFB40008F884 /* AsyncAwait.swift */,
			);
			path = NetworkManager;
			sourceTree = "<group>";
		};
		7D14CC5F2BBFE49A00387229 /* Model */ = {
			isa = PBXGroup;
			children = (
				7D14CC582BBFD9E400387229 /* UserModel.swift */,
			);
			path = Model;
			sourceTree = "<group>";
		};
		7DE0989E2BBBC27300E31B37 = {
			isa = PBXGroup;
			children = (
				7DE098A92BBBC27300E31B37 /* CombineExample */,
				7DE098C02BBBC27600E31B37 /* CombineExampleTests */,
				7DE098CA2BBBC27600E31B37 /* CombineExampleUITests */,
				7DE098A82BBBC27300E31B37 /* Products */,
			);
			sourceTree = "<group>";
		};
		7DE098A82BBBC27300E31B37 /* Products */ = {
			isa = PBXGroup;
			children = (
				7DE098A72BBBC27300E31B37 /* CombineExample.app */,
				7DE098BD2BBBC27600E31B37 /* CombineExampleTests.xctest */,
				7DE098C72BBBC27600E31B37 /* CombineExampleUITests.xctest */,
			);
			name = Products;
			sourceTree = "<group>";
		};
		7DE098A92BBBC27300E31B37 /* CombineExample */ = {
			isa = PBXGroup;
			children = (
				7DE098AA2BBBC27300E31B37 /* AppDelegate.swift */,
				7DE098AC2BBBC27300E31B37 /* SceneDelegate.swift */,
				7DE098AE2BBBC27300E31B37 /* ViewController.swift */,
				7D14CC562BBFD88800387229 /* LoginView */,
				7D14CC572BBFD89D00387229 /* HomeView */,
				7DE098B02BBBC27300E31B37 /* Main.storyboard */,
				7D14CC5E2BBFE48000387229 /* NetworkManager */,
				7D14CC5F2BBFE49A00387229 /* Model */,
				7DE098B32BBBC27600E31B37 /* Assets.xcassets */,
				7DE098B52BBBC27600E31B37 /* LaunchScreen.storyboard */,
				7DE098B82BBBC27600E31B37 /* Info.plist */,
			);
			path = CombineExample;
			sourceTree = "<group>";
		};
		7DE098C02BBBC27600E31B37 /* CombineExampleTests */ = {
			isa = PBXGroup;
			children = (
				7DE098C12BBBC27600E31B37 /* CombineExampleTests.swift */,
			);
			path = CombineExampleTests;
			sourceTree = "<group>";
		};
		7DE098CA2BBBC27600E31B37 /* CombineExampleUITests */ = {
			isa = PBXGroup;
			children = (
				7DE098CB2BBBC27600E31B37 /* CombineExampleUITests.swift */,
				7DE098CD2BBBC27600E31B37 /* CombineExampleUITestsLaunchTests.swift */,
			);
			path = CombineExampleUITests;
			sourceTree = "<group>";
		};
/* End PBXGroup section */

/* Begin PBXNativeTarget section */
		7DE098A62BBBC27300E31B37 /* CombineExample */ = {
			isa = PBXNativeTarget;
			buildConfigurationList = 7DE098D12BBBC27600E31B37 /* Build configuration list for PBXNativeTarget "CombineExample" */;
			buildPhases = (
				7DE098A32BBBC27300E31B37 /* Sources */,
				7DE098A42BBBC27300E31B37 /* Frameworks */,
				7DE098A52BBBC27300E31B37 /* Resources */,
			);
			buildRules = (
			);
			dependencies = (
			);
			name = CombineExample;
			productName = CombineExample;
			productReference = 7DE098A72BBBC27300E31B37 /* CombineExample.app */;
			productType = "com.apple.product-type.application";
		};
		7DE098BC2BBBC27600E31B37 /* CombineExampleTests */ = {
			isa = PBXNativeTarget;
			buildConfigurationList = 7DE098D42BBBC27600E31B37 /* Build configuration list for PBXNativeTarget "CombineExampleTests" */;
			buildPhases = (
				7DE098B92BBBC27600E31B37 /* Sources */,
				7DE098BA2BBBC27600E31B37 /* Frameworks */,
				7DE098BB2BBBC27600E31B37 /* Resources */,
			);
			buildRules = (
			);
			dependencies = (
				7DE098BF2BBBC27600E31B37 /* PBXTargetDependency */,
			);
			name = CombineExampleTests;
			productName = CombineExampleTests;
			productReference = 7DE098BD2BBBC27600E31B37 /* CombineExampleTests.xctest */;
			productType = "com.apple.product-type.bundle.unit-test";
		};
		7DE098C62BBBC27600E31B37 /* CombineExampleUITests */ = {
			isa = PBXNativeTarget;
			buildConfigurationList = 7DE098D72BBBC27600E31B37 /* Build configuration list for PBXNativeTarget "CombineExampleUITests" */;
			buildPhases = (
				7DE098C32BBBC27600E31B37 /* Sources */,
				7DE098C42BBBC27600E31B37 /* Frameworks */,
				7DE098C52BBBC27600E31B37 /* Resources */,
			);
			buildRules = (
			);
			dependencies = (
				7DE098C92BBBC27600E31B37 /* PBXTargetDependency */,
			);
			name = CombineExampleUITests;
			productName = CombineExampleUITests;
			productReference = 7DE098C72BBBC27600E31B37 /* CombineExampleUITests.xctest */;
			productType = "com.apple.product-type.bundle.ui-testing";
		};
/* End PBXNativeTarget section */

/* Begin PBXProject section */
		7DE0989F2BBBC27300E31B37 /* Project object */ = {
			isa = PBXProject;
			attributes = {
				BuildIndependentTargetsInParallel = 1;
				LastSwiftUpdateCheck = 1530;
				LastUpgradeCheck = 1530;
				TargetAttributes = {
					7DE098A62BBBC27300E31B37 = {
						CreatedOnToolsVersion = 15.3;
					};
					7DE098BC2BBBC27600E31B37 = {
						CreatedOnToolsVersion = 15.3;
						TestTargetID = 7DE098A62BBBC27300E31B37;
					};
					7DE098C62BBBC27600E31B37 = {
						CreatedOnToolsVersion = 15.3;
						TestTargetID = 7DE098A62BBBC27300E31B37;
					};
				};
			};
			buildConfigurationList = 7DE098A22BBBC27300E31B37 /* Build configuration list for PBXProject "CombineExample" */;
			compatibilityVersion = "Xcode 14.0";
			developmentRegion = en;
			hasScannedForEncodings = 0;
			knownRegions = (
				en,
				Base,
			);
			mainGroup = 7DE0989E2BBBC27300E31B37;
			productRefGroup = 7DE098A82BBBC27300E31B37 /* Products */;
			projectDirPath = "";
			projectRoot = "";
			targets = (
				7DE098A62BBBC27300E31B37 /* CombineExample */,
				7DE098BC2BBBC27600E31B37 /* CombineExampleTests */,
				7DE098C62BBBC27600E31B37 /* CombineExampleUITests */,
			);
		};
/* End PBXProject section */

/* Begin PBXResourcesBuildPhase section */
		7DE098A52BBBC27300E31B37 /* Resources */ = {
			isa = PBXResourcesBuildPhase;
			buildActionMask = 2147483647;
			files = (
				7DE098B42BBBC27600E31B37 /* Assets.xcassets in Resources */,
				7DE098B72BBBC27600E31B37 /* Base in Resources */,
				7DE098B22BBBC27300E31B37 /* Base in Resources */,
			);
			runOnlyForDeploymentPostprocessing = 0;
		};
		7DE098BB2BBBC27600E31B37 /* Resources */ = {
			isa = PBXResourcesBuildPhase;
			buildActionMask = 2147483647;
			files = (
			);
			runOnlyForDeploymentPostprocessing = 0;
		};
		7DE098C52BBBC27600E31B37 /* Resources */ = {
			isa = PBXResourcesBuildPhase;
			buildActionMask = 2147483647;
			files = (
			);
			runOnlyForDeploymentPostprocessing = 0;
		};
/* End PBXResourcesBuildPhase section */

/* Begin PBXSourcesBuildPhase section */
		7DE098A32BBBC27300E31B37 /* Sources */ = {
			isa = PBXSourcesBuildPhase;
			buildActionMask = 2147483647;
			files = (
				7DD58B7A2BBEC27B0008F884 /* LoginViewController.swift in Sources */,
				7D14CC5B2BBFDAD500387229 /* HomeViewModel.swift in Sources */,
				7DE098AF2BBBC27300E31B37 /* ViewController.swift in Sources */,
				7D14CC592BBFD9E400387229 /* UserModel.swift in Sources */,
				7DD58B7C2BBECC3E0008F884 /* NetworkManager.swift in Sources */,
				7D14CC5D2BBFDAE600387229 /* HomeViewController.swift in Sources */,
				7DD58B7E2BBEEFB40008F884 /* AsyncAwait.swift in Sources */,
				7DE098AB2BBBC27300E31B37 /* AppDelegate.swift in Sources */,
				7DE098AD2BBBC27300E31B37 /* SceneDelegate.swift in Sources */,
				7D14CC552BBFD86400387229 /* LoginViewModel.swift in Sources */,
			);
			runOnlyForDeploymentPostprocessing = 0;
		};
		7DE098B92BBBC27600E31B37 /* Sources */ = {
			isa = PBXSourcesBuildPhase;
			buildActionMask = 2147483647;
			files = (
				7DE098C22BBBC27600E31B37 /* CombineExampleTests.swift in Sources */,
			);
			runOnlyForDeploymentPostprocessing = 0;
		};
		7DE098C32BBBC27600E31B37 /* Sources */ = {
			isa = PBXSourcesBuildPhase;
			buildActionMask = 2147483647;
			files = (
				7DE098CC2BBBC27600E31B37 /* CombineExampleUITests.swift in Sources */,
				7DE098CE2BBBC27600E31B37 /* CombineExampleUITestsLaunchTests.swift in Sources */,
			);
			runOnlyForDeploymentPostprocessing = 0;
		};
/* End PBXSourcesBuildPhase section */

/* Begin PBXTargetDependency section */
		7DE098BF2BBBC27600E31B37 /* PBXTargetDependency */ = {
			isa = PBXTargetDependency;
			target = 7DE098A62BBBC27300E31B37 /* CombineExample */;
			targetProxy = 7DE098BE2BBBC27600E31B37 /* PBXContainerItemProxy */;
		};
		7DE098C92BBBC27600E31B37 /* PBXTargetDependency */ = {
			isa = PBXTargetDependency;
			target = 7DE098A62BBBC27300E31B37 /* CombineExample */;
			targetProxy = 7DE098C82BBBC27600E31B37 /* PBXContainerItemProxy */;
		};
/* End PBXTargetDependency section */

/* Begin PBXVariantGroup section */
		7DE098B02BBBC27300E31B37 /* Main.storyboard */ = {
			isa = PBXVariantGroup;
			children = (
				7DE098B12BBBC27300E31B37 /* Base */,
			);
			name = Main.storyboard;
			sourceTree = "<group>";
		};
		7DE098B52BBBC27600E31B37 /* LaunchScreen.storyboard */ = {
			isa = PBXVariantGroup;
			children = (
				7DE098B62BBBC27600E31B37 /* Base */,
			);
			name = LaunchScreen.storyboard;
			sourceTree = "<group>";
		};
/* End PBXVariantGroup section */

/* Begin XCBuildConfiguration section */
		7DE098CF2BBBC27600E31B37 /* Debug */ = {
			isa = XCBuildConfiguration;
			buildSettings = {
				ALWAYS_SEARCH_USER_PATHS = NO;
				ASSETCATALOG_COMPILER_GENERATE_SWIFT_ASSET_SYMBOL_EXTENSIONS = YES;
				CLANG_ANALYZER_NONNULL = YES;
				CLANG_ANALYZER_NUMBER_OBJECT_CONVERSION = YES_AGGRESSIVE;
				CLANG_CXX_LANGUAGE_STANDARD = "gnu++20";
				CLANG_ENABLE_MODULES = YES;
				CLANG_ENABLE_OBJC_ARC = YES;
				CLANG_ENABLE_OBJC_WEAK = YES;
				CLANG_WARN_BLOCK_CAPTURE_AUTORELEASING = YES;
				CLANG_WARN_BOOL_CONVERSION = YES;
				CLANG_WARN_COMMA = YES;
				CLANG_WARN_CONSTANT_CONVERSION = YES;
				CLANG_WARN_DEPRECATED_OBJC_IMPLEMENTATIONS = YES;
				CLANG_WARN_DIRECT_OBJC_ISA_USAGE = YES_ERROR;
				CLANG_WARN_DOCUMENTATION_COMMENTS = YES;
				CLANG_WARN_EMPTY_BODY = YES;
				CLANG_WARN_ENUM_CONVERSION = YES;
				CLANG_WARN_INFINITE_RECURSION = YES;
				CLANG_WARN_INT_CONVERSION = YES;
				CLANG_WARN_NON_LITERAL_NULL_CONVERSION = YES;
				CLANG_WARN_OBJC_IMPLICIT_RETAIN_SELF = YES;
				CLANG_WARN_OBJC_LITERAL_CONVERSION = YES;
				CLANG_WARN_OBJC_ROOT_CLASS = YES_ERROR;
				CLANG_WARN_QUOTED_INCLUDE_IN_FRAMEWORK_HEADER = YES;
				CLANG_WARN_RANGE_LOOP_ANALYSIS = YES;
				CLANG_WARN_STRICT_PROTOTYPES = YES;
				CLANG_WARN_SUSPICIOUS_MOVE = YES;
				CLANG_WARN_UNGUARDED_AVAILABILITY = YES_AGGRESSIVE;
				CLANG_WARN_UNREACHABLE_CODE = YES;
				CLANG_WARN__DUPLICATE_METHOD_MATCH = YES;
				COPY_PHASE_STRIP = NO;
				DEBUG_INFORMATION_FORMAT = dwarf;
				ENABLE_STRICT_OBJC_MSGSEND = YES;
				ENABLE_TESTABILITY = YES;
				ENABLE_USER_SCRIPT_SANDBOXING = YES;
				GCC_C_LANGUAGE_STANDARD = gnu17;
				GCC_DYNAMIC_NO_PIC = NO;
				GCC_NO_COMMON_BLOCKS = YES;
				GCC_OPTIMIZATION_LEVEL = 0;
				GCC_PREPROCESSOR_DEFINITIONS = (
					"DEBUG=1",
					"$(inherited)",
				);
				GCC_WARN_64_TO_32_BIT_CONVERSION = YES;
				GCC_WARN_ABOUT_RETURN_TYPE = YES_ERROR;
				GCC_WARN_UNDECLARED_SELECTOR = YES;
				GCC_WARN_UNINITIALIZED_AUTOS = YES_AGGRESSIVE;
				GCC_WARN_UNUSED_FUNCTION = YES;
				GCC_WARN_UNUSED_VARIABLE = YES;
				IPHONEOS_DEPLOYMENT_TARGET = 17.4;
				LOCALIZATION_PREFERS_STRING_CATALOGS = YES;
				MTL_ENABLE_DEBUG_INFO = INCLUDE_SOURCE;
				MTL_FAST_MATH = YES;
				ONLY_ACTIVE_ARCH = YES;
				SDKROOT = iphoneos;
				SWIFT_ACTIVE_COMPILATION_CONDITIONS = "DEBUG $(inherited)";
				SWIFT_OPTIMIZATION_LEVEL = "-Onone";
			};
			name = Debug;
		};
		7DE098D02BBBC27600E31B37 /* Release */ = {
			isa = XCBuildConfiguration;
			buildSettings = {
				ALWAYS_SEARCH_USER_PATHS = NO;
				ASSETCATALOG_COMPILER_GENERATE_SWIFT_ASSET_SYMBOL_EXTENSIONS = YES;
				CLANG_ANALYZER_NONNULL = YES;
				CLANG_ANALYZER_NUMBER_OBJECT_CONVERSION = YES_AGGRESSIVE;
				CLANG_CXX_LANGUAGE_STANDARD = "gnu++20";
				CLANG_ENABLE_MODULES = YES;
				CLANG_ENABLE_OBJC_ARC = YES;
				CLANG_ENABLE_OBJC_WEAK = YES;
				CLANG_WARN_BLOCK_CAPTURE_AUTORELEASING = YES;
				CLANG_WARN_BOOL_CONVERSION = YES;
				CLANG_WARN_COMMA = YES;
				CLANG_WARN_CONSTANT_CONVERSION = YES;
				CLANG_WARN_DEPRECATED_OBJC_IMPLEMENTATIONS = YES;
				CLANG_WARN_DIRECT_OBJC_ISA_USAGE = YES_ERROR;
				CLANG_WARN_DOCUMENTATION_COMMENTS = YES;
				CLANG_WARN_EMPTY_BODY = YES;
				CLANG_WARN_ENUM_CONVERSION = YES;
				CLANG_WARN_INFINITE_RECURSION = YES;
				CLANG_WARN_INT_CONVERSION = YES;
				CLANG_WARN_NON_LITERAL_NULL_CONVERSION = YES;
				CLANG_WARN_OBJC_IMPLICIT_RETAIN_SELF = YES;
				CLANG_WARN_OBJC_LITERAL_CONVERSION = YES;
				CLANG_WARN_OBJC_ROOT_CLASS = YES_ERROR;
				CLANG_WARN_QUOTED_INCLUDE_IN_FRAMEWORK_HEADER = YES;
				CLANG_WARN_RANGE_LOOP_ANALYSIS = YES;
				CLANG_WARN_STRICT_PROTOTYPES = YES;
				CLANG_WARN_SUSPICIOUS_MOVE = YES;
				CLANG_WARN_UNGUARDED_AVAILABILITY = YES_AGGRESSIVE;
				CLANG_WARN_UNREACHABLE_CODE = YES;
				CLANG_WARN__DUPLICATE_METHOD_MATCH = YES;
				COPY_PHASE_STRIP = NO;
				DEBUG_INFORMATION_FORMAT = "dwarf-with-dsym";
				ENABLE_NS_ASSERTIONS = NO;
				ENABLE_STRICT_OBJC_MSGSEND = YES;
				ENABLE_USER_SCRIPT_SANDBOXING = YES;
				GCC_C_LANGUAGE_STANDARD = gnu17;
				GCC_NO_COMMON_BLOCKS = YES;
				GCC_WARN_64_TO_32_BIT_CONVERSION = YES;
				GCC_WARN_ABOUT_RETURN_TYPE = YES_ERROR;
				GCC_WARN_UNDECLARED_SELECTOR = YES;
				GCC_WARN_UNINITIALIZED_AUTOS = YES_AGGRESSIVE;
				GCC_WARN_UNUSED_FUNCTION = YES;
				GCC_WARN_UNUSED_VARIABLE = YES;
				IPHONEOS_DEPLOYMENT_TARGET = 17.4;
				LOCALIZATION_PREFERS_STRING_CATALOGS = YES;
				MTL_ENABLE_DEBUG_INFO = NO;
				MTL_FAST_MATH = YES;
				SDKROOT = iphoneos;
				SWIFT_COMPILATION_MODE = wholemodule;
				VALIDATE_PRODUCT = YES;
			};
			name = Release;
		};
		7DE098D22BBBC27600E31B37 /* Debug */ = {
			isa = XCBuildConfiguration;
			buildSettings = {
				ASSETCATALOG_COMPILER_APPICON_NAME = AppIcon;
				ASSETCATALOG_COMPILER_GLOBAL_ACCENT_COLOR_NAME = AccentColor;
				CODE_SIGN_STYLE = Automatic;
				CURRENT_PROJECT_VERSION = 1;
				GENERATE_INFOPLIST_FILE = YES;
				INFOPLIST_FILE = CombineExample/Info.plist;
				INFOPLIST_KEY_UIApplicationSupportsIndirectInputEvents = YES;
				INFOPLIST_KEY_UILaunchStoryboardName = LaunchScreen;
				INFOPLIST_KEY_UIMainStoryboardFile = Main;
				INFOPLIST_KEY_UISupportedInterfaceOrientations_iPad = "UIInterfaceOrientationPortrait UIInterfaceOrientationPortraitUpsideDown UIInterfaceOrientationLandscapeLeft UIInterfaceOrientationLandscapeRight";
				INFOPLIST_KEY_UISupportedInterfaceOrientations_iPhone = "UIInterfaceOrientationPortrait UIInterfaceOrientationLandscapeLeft UIInterfaceOrientationLandscapeRight";
				LD_RUNPATH_SEARCH_PATHS = (
					"$(inherited)",
					"@executable_path/Frameworks",
				);
				MARKETING_VERSION = 1.0;
				PRODUCT_BUNDLE_IDENTIFIER = com.SwiftUIAppSample.CombineExample;
				PRODUCT_NAME = "$(TARGET_NAME)";
				SWIFT_EMIT_LOC_STRINGS = YES;
				SWIFT_VERSION = 5.0;
				TARGETED_DEVICE_FAMILY = "1,2";
			};
			name = Debug;
		};
		7DE098D32BBBC27600E31B37 /* Release */ = {
			isa = XCBuildConfiguration;
			buildSettings = {
				ASSETCATALOG_COMPILER_APPICON_NAME = AppIcon;
				ASSETCATALOG_COMPILER_GLOBAL_ACCENT_COLOR_NAME = AccentColor;
				CODE_SIGN_STYLE = Automatic;
				CURRENT_PROJECT_VERSION = 1;
				GENERATE_INFOPLIST_FILE = YES;
				INFOPLIST_FILE = CombineExample/Info.plist;
				INFOPLIST_KEY_UIApplicationSupportsIndirectInputEvents = YES;
				INFOPLIST_KEY_UILaunchStoryboardName = LaunchScreen;
				INFOPLIST_KEY_UIMainStoryboardFile = Main;
				INFOPLIST_KEY_UISupportedInterfaceOrientations_iPad = "UIInterfaceOrientationPortrait UIInterfaceOrientationPortraitUpsideDown UIInterfaceOrientationLandscapeLeft UIInterfaceOrientationLandscapeRight";
				INFOPLIST_KEY_UISupportedInterfaceOrientations_iPhone = "UIInterfaceOrientationPortrait UIInterfaceOrientationLandscapeLeft UIInterfaceOrientationLandscapeRight";
				LD_RUNPATH_SEARCH_PATHS = (
					"$(inherited)",
					"@executable_path/Frameworks",
				);
				MARKETING_VERSION = 1.0;
				PRODUCT_BUNDLE_IDENTIFIER = com.SwiftUIAppSample.CombineExample;
				PRODUCT_NAME = "$(TARGET_NAME)";
				SWIFT_EMIT_LOC_STRINGS = YES;
				SWIFT_VERSION = 5.0;
				TARGETED_DEVICE_FAMILY = "1,2";
			};
			name = Release;
		};
		7DE098D52BBBC27600E31B37 /* Debug */ = {
			isa = XCBuildConfiguration;
			buildSettings = {
				ALWAYS_EMBED_SWIFT_STANDARD_LIBRARIES = YES;
				BUNDLE_LOADER = "$(TEST_HOST)";
				CODE_SIGN_STYLE = Automatic;
				CURRENT_PROJECT_VERSION = 1;
				GENERATE_INFOPLIST_FILE = YES;
				IPHONEOS_DEPLOYMENT_TARGET = 17.4;
				MARKETING_VERSION = 1.0;
				PRODUCT_BUNDLE_IDENTIFIER = com.SwiftUIAppSample.CombineExampleTests;
				PRODUCT_NAME = "$(TARGET_NAME)";
				SWIFT_EMIT_LOC_STRINGS = NO;
				SWIFT_VERSION = 5.0;
				TARGETED_DEVICE_FAMILY = "1,2";
				TEST_HOST = "$(BUILT_PRODUCTS_DIR)/CombineExample.app/$(BUNDLE_EXECUTABLE_FOLDER_PATH)/CombineExample";
			};
			name = Debug;
		};
		7DE098D62BBBC27600E31B37 /* Release */ = {
			isa = XCBuildConfiguration;
			buildSettings = {
				ALWAYS_EMBED_SWIFT_STANDARD_LIBRARIES = YES;
				BUNDLE_LOADER = "$(TEST_HOST)";
				CODE_SIGN_STYLE = Automatic;
				CURRENT_PROJECT_VERSION = 1;
				GENERATE_INFOPLIST_FILE = YES;
				IPHONEOS_DEPLOYMENT_TARGET = 17.4;
				MARKETING_VERSION = 1.0;
				PRODUCT_BUNDLE_IDENTIFIER = com.SwiftUIAppSample.CombineExampleTests;
				PRODUCT_NAME = "$(TARGET_NAME)";
				SWIFT_EMIT_LOC_STRINGS = NO;
				SWIFT_VERSION = 5.0;
				TARGETED_DEVICE_FAMILY = "1,2";
				TEST_HOST = "$(BUILT_PRODUCTS_DIR)/CombineExample.app/$(BUNDLE_EXECUTABLE_FOLDER_PATH)/CombineExample";
			};
			name = Release;
		};
		7DE098D82BBBC27600E31B37 /* Debug */ = {
			isa = XCBuildConfiguration;
			buildSettings = {
				ALWAYS_EMBED_SWIFT_STANDARD_LIBRARIES = YES;
				CODE_SIGN_STYLE = Automatic;
				CURRENT_PROJECT_VERSION = 1;
				GENERATE_INFOPLIST_FILE = YES;
				MARKETING_VERSION = 1.0;
				PRODUCT_BUNDLE_IDENTIFIER = com.SwiftUIAppSample.CombineExampleUITests;
				PRODUCT_NAME = "$(TARGET_NAME)";
				SWIFT_EMIT_LOC_STRINGS = NO;
				SWIFT_VERSION = 5.0;
				TARGETED_DEVICE_FAMILY = "1,2";
				TEST_TARGET_NAME = CombineExample;
			};
			name = Debug;
		};
		7DE098D92BBBC27600E31B37 /* Release */ = {
			isa = XCBuildConfiguration;
			buildSettings = {
				ALWAYS_EMBED_SWIFT_STANDARD_LIBRARIES = YES;
				CODE_SIGN_STYLE = Automatic;
				CURRENT_PROJECT_VERSION = 1;
				GENERATE_INFOPLIST_FILE = YES;
				MARKETING_VERSION = 1.0;
				PRODUCT_BUNDLE_IDENTIFIER = com.SwiftUIAppSample.CombineExampleUITests;
				PRODUCT_NAME = "$(TARGET_NAME)";
				SWIFT_EMIT_LOC_STRINGS = NO;
				SWIFT_VERSION = 5.0;
				TARGETED_DEVICE_FAMILY = "1,2";
				TEST_TARGET_NAME = CombineExample;
			};
			name = Release;
		};
/* End XCBuildConfiguration section */

/* Begin XCConfigurationList section */
		7DE098A22BBBC27300E31B37 /* Build configuration list for PBXProject "CombineExample" */ = {
			isa = XCConfigurationList;
			buildConfigurations = (
				7DE098CF2BBBC27600E31B37 /* Debug */,
				7DE098D02BBBC27600E31B37 /* Release */,
			);
			defaultConfigurationIsVisible = 0;
			defaultConfigurationName = Release;
		};
		7DE098D12BBBC27600E31B37 /* Build configuration list for PBXNativeTarget "CombineExample" */ = {
			isa = XCConfigurationList;
			buildConfigurations = (
				7DE098D22BBBC27600E31B37 /* Debug */,
				7DE098D32BBBC27600E31B37 /* Release */,
			);
			defaultConfigurationIsVisible = 0;
			defaultConfigurationName = Release;
		};
		7DE098D42BBBC27600E31B37 /* Build configuration list for PBXNativeTarget "CombineExampleTests" */ = {
			isa = XCConfigurationList;
			buildConfigurations = (
				7DE098D52BBBC27600E31B37 /* Debug */,
				7DE098D62BBBC27600E31B37 /* Release */,
			);
			defaultConfigurationIsVisible = 0;
			defaultConfigurationName = Release;
		};
		7DE098D72BBBC27600E31B37 /* Build configuration list for PBXNativeTarget "CombineExampleUITests" */ = {
			isa = XCConfigurationList;
			buildConfigurations = (
				7DE098D82BBBC27600E31B37 /* Debug */,
				7DE098D92BBBC27600E31B37 /* Release */,
			);
			defaultConfigurationIsVisible = 0;
			defaultConfigurationName = Release;
		};
/* End XCConfigurationList section */
	};
	rootObject = 7DE0989F2BBBC27300E31B37 /* Project object */;
}
